Microsoft Visual Studio Solution File, Format Version 12.00
# Visual Studio Version 17
VisualStudioVersion = 17.5.2.0
MinimumVisualStudioVersion = 10.0.40219.1
Project("{FAE04EC0-301F-11D3-BF4B-00C04F79EFBC}") = "comicsbox", "comicsbox.csproj", "{3591BA91-CC57-8C50-9DF0-880B77123583}"
EndProject
Global
	GlobalSection(SolutionConfigurationPlatforms) = preSolution
		Debug|Any CPU = Debug|Any CPU
		Release|Any CPU = Release|Any CPU
	EndGlobalSection
	GlobalSection(ProjectConfigurationPlatforms) = postSolution
		{3591BA91-CC57-8C50-9DF0-880B77123583}.Debug|Any CPU.ActiveCfg = Debug|Any CPU
		{3591BA91-CC57-8C50-9DF0-880B77123583}.Debug|Any CPU.Build.0 = Debug|Any CPU
		{3591BA91-CC57-8C50-9DF0-880B77123583}.Release|Any CPU.ActiveCfg = Release|Any CPU
		{3591BA91-CC57-8C50-9DF0-880B77123583}.Release|Any CPU.Build.0 = Release|Any CPU
	EndGlobalSection
	GlobalSection(SolutionProperties) = preSolution
		HideSolutionNode = FALSE
	EndGlobalSection
	GlobalSection(ExtensibilityGlobals) = postSolution
		SolutionGuid = {2CE91E93-30BB-418F-ADE9-43319CF01818}
	EndGlobalSection
EndGlobal
